
Microsoft Visual Studio Solution File, Format Version 12.00
# Visual Studio 15
VisualStudioVersion = 15.0.28307.106
MinimumVisualStudioVersion = 10.0.40219.1
Project("{FAE04EC0-301F-11D3-BF4B-00C04F79EFBC}") = "Lab1Zad", "Lab1Zad\Lab1Zad.csproj", "{49584D64-BC0A-4B3E-8458-B0EDE37A28CF}"
EndProject
Global
	GlobalSection(SolutionConfigurationPlatforms) = preSolution
		Debug|Any CPU = Debug|Any CPU
		Release|Any CPU = Release|Any CPU
	EndGlobalSection
	GlobalSection(ProjectConfigurationPlatforms) = postSolution
		{49584D64-BC0A-4B3E-8458-B0EDE37A28CF}.Debug|Any CPU.ActiveCfg = Debug|Any CPU
		{49584D64-BC0A-4B3E-8458-B0EDE37A28CF}.Debug|Any CPU.Build.0 = Debug|Any CPU
		{49584D64-BC0A-4B3E-8458-B0EDE37A28CF}.Release|Any CPU.ActiveCfg = Release|Any CPU
		{49584D64-BC0A-4B3E-8458-B0EDE37A28CF}.Release|Any CPU.Build.0 = Release|Any CPU
	EndGlobalSection
	GlobalSection(SolutionProperties) = preSolution
		HideSolutionNode = FALSE
	EndGlobalSection
	GlobalSection(ExtensibilityGlobals) = postSolution
		SolutionGuid = {0F7C4F46-A79C-4AB0-9F28-7A8A31EEE96F}
	EndGlobalSection
EndGlobal
